
Microsoft Visual Studio Solution File, Format Version 12.00
# Visual Studio Version 17
VisualStudioVersion = 17.14.36401.2 d17.14
MinimumVisualStudioVersion = 10.0.40219.1
Project("{FAE04EC0-301F-11D3-BF4B-00C04F79EFBC}") = "TestBranch", "TestBranch\TestBranch.csproj", "{16317B40-E353-45C9-9FA7-560E8904376A}"
EndProject
Global
	GlobalSection(SolutionConfigurationPlatforms) = preSolution
		Debug|Any CPU = Debug|Any CPU
		Release|Any CPU = Release|Any CPU
	EndGlobalSection
	GlobalSection(ProjectConfigurationPlatforms) = postSolution
		{16317B40-E353-45C9-9FA7-560E8904376A}.Debug|Any CPU.ActiveCfg = Debug|Any CPU
		{16317B40-E353-45C9-9FA7-560E8904376A}.Debug|Any CPU.Build.0 = Debug|Any CPU
		{16317B40-E353-45C9-9FA7-560E8904376A}.Release|Any CPU.ActiveCfg = Release|Any CPU
		{16317B40-E353-45C9-9FA7-560E8904376A}.Release|Any CPU.Build.0 = Release|Any CPU
	EndGlobalSection
	GlobalSection(SolutionProperties) = preSolution
		HideSolutionNode = FALSE
	EndGlobalSection
	GlobalSection(ExtensibilityGlobals) = postSolution
		SolutionGuid = {D7B1E3F4-1FE9-491B-845B-1A14980ACB0B}
	EndGlobalSection
EndGlobal
